
Microsoft Visual Studio Solution File, Format Version 12.00
# Visual Studio 15
VisualStudioVersion = 15.0.27130.2010
MinimumVisualStudioVersion = 10.0.40219.1
Project("{FAE04EC0-301F-11D3-BF4B-00C04F79EFBC}") = "AsyncBridge", "src\AsyncBridge\AsyncBridge.csproj", "{12A1B828-6F9C-4748-8955-3C6B71187714}"
EndProject
Project("{FAE04EC0-301F-11D3-BF4B-00C04F79EFBC}") = "AsyncBridge.Tests", "tests\AsyncBridge.Tests\AsyncBridge.Tests.csproj", "{67AF19E0-08F0-4E5A-A05B-83818C4359B6}"
EndProject
Project("{FAE04EC0-301F-11D3-BF4B-00C04F79EFBC}") = "AsyncBridge.Net35", "src\AsyncBridge.Net35\AsyncBridge.Net35.csproj", "{5E096B1B-2881-429C-977B-76AC58980E2B}"
EndProject
Project("{2150E333-8FDC-42A3-9474-1A3956D46DE8}") = "src", "src", "{FF710108-A2A9-4CA2-A49A-6CA9AB166F97}"
EndProject
Project("{2150E333-8FDC-42A3-9474-1A3956D46DE8}") = "tests", "tests", "{0E3D69B7-00E8-410B-A1D7-6152419AB8D8}"
EndProject
Project("{FAE04EC0-301F-11D3-BF4B-00C04F79EFBC}") = "AsyncBridge.Net35.Tests", "tests\AsyncBridge.Net35.Tests\AsyncBridge.Net35.Tests.csproj", "{51F1734D-A5AA-4C45-8458-EBC56F046549}"
EndProject
Project("{FAE04EC0-301F-11D3-BF4B-00C04F79EFBC}") = "AsyncBridge.Portable", "src\AsyncBridge.Portable\AsyncBridge.Portable.csproj", "{38E9A844-C7B5-46EF-ABE1-5B9A5590A348}"
EndProject
Project("{FAE04EC0-301F-11D3-BF4B-00C04F79EFBC}") = "AsyncTargetingPack.Tests", "tests\AsyncTargetingPack.Tests\AsyncTargetingPack.Tests.csproj", "{D0A9D7E7-DD63-43A8-9891-74E58CC80C8E}"
EndProject
Project("{FAE04EC0-301F-11D3-BF4B-00C04F79EFBC}") = "ReferenceAsync.Net45", "tests\ReferenceAsync.Net45\ReferenceAsync.Net45.csproj", "{B530FAF1-97FF-4E2B-8827-C53F7E4FC245}"
EndProject
Global
	GlobalSection(SolutionConfigurationPlatforms) = preSolution
		Debug|Any CPU = Debug|Any CPU
		Release|Any CPU = Release|Any CPU
	EndGlobalSection
	GlobalSection(ProjectConfigurationPlatforms) = postSolution
		{12A1B828-6F9C-4748-8955-3C6B71187714}.Debug|Any CPU.ActiveCfg = Debug|Any CPU
		{12A1B828-6F9C-4748-8955-3C6B71187714}.Debug|Any CPU.Build.0 = Debug|Any CPU
		{12A1B828-6F9C-4748-8955-3C6B71187714}.Release|Any CPU.ActiveCfg = Release|Any CPU
		{12A1B828-6F9C-4748-8955-3C6B71187714}.Release|Any CPU.Build.0 = Release|Any CPU
		{67AF19E0-08F0-4E5A-A05B-83818C4359B6}.Debug|Any CPU.ActiveCfg = Debug|Any CPU
		{67AF19E0-08F0-4E5A-A05B-83818C4359B6}.Debug|Any CPU.Build.0 = Debug|Any CPU
		{67AF19E0-08F0-4E5A-A05B-83818C4359B6}.Release|Any CPU.ActiveCfg = Release|Any CPU
		{67AF19E0-08F0-4E5A-A05B-83818C4359B6}.Release|Any CPU.Build.0 = Release|Any CPU
		{5E096B1B-2881-429C-977B-76AC58980E2B}.Debug|Any CPU.ActiveCfg = Debug|Any CPU
		{5E096B1B-2881-429C-977B-76AC58980E2B}.Debug|Any CPU.Build.0 = Debug|Any CPU
		{5E096B1B-2881-429C-977B-76AC58980E2B}.Release|Any CPU.ActiveCfg = Release|Any CPU
		{5E096B1B-2881-429C-977B-76AC58980E2B}.Release|Any CPU.Build.0 = Release|Any CPU
		{51F1734D-A5AA-4C45-8458-EBC56F046549}.Debug|Any CPU.ActiveCfg = Debug|Any CPU
		{51F1734D-A5AA-4C45-8458-EBC56F046549}.Debug|Any CPU.Build.0 = Debug|Any CPU
		{51F1734D-A5AA-4C45-8458-EBC56F046549}.Release|Any CPU.ActiveCfg = Release|Any CPU
		{51F1734D-A5AA-4C45-8458-EBC56F046549}.Release|Any CPU.Build.0 = Release|Any CPU
		{38E9A844-C7B5-46EF-ABE1-5B9A5590A348}.Debug|Any CPU.ActiveCfg = Debug|Any CPU
		{38E9A844-C7B5-46EF-ABE1-5B9A5590A348}.Debug|Any CPU.Build.0 = Debug|Any CPU
		{38E9A844-C7B5-46EF-ABE1-5B9A5590A348}.Release|Any CPU.ActiveCfg = Release|Any CPU
		{38E9A844-C7B5-46EF-ABE1-5B9A5590A348}.Release|Any CPU.Build.0 = Release|Any CPU
		{D0A9D7E7-DD63-43A8-9891-74E58CC80C8E}.Debug|Any CPU.ActiveCfg = Debug|Any CPU
		{D0A9D7E7-DD63-43A8-9891-74E58CC80C8E}.Debug|Any CPU.Build.0 = Debug|Any CPU
		{D0A9D7E7-DD63-43A8-9891-74E58CC80C8E}.Release|Any CPU.ActiveCfg = Release|Any CPU
		{D0A9D7E7-DD63-43A8-9891-74E58CC80C8E}.Release|Any CPU.Build.0 = Release|Any CPU
		{B530FAF1-97FF-4E2B-8827-C53F7E4FC245}.Debug|Any CPU.ActiveCfg = Debug|Any CPU
		{B530FAF1-97FF-4E2B-8827-C53F7E4FC245}.Debug|Any CPU.Build.0 = Debug|Any CPU
		{B530FAF1-97FF-4E2B-8827-C53F7E4FC245}.Release|Any CPU.ActiveCfg = Release|Any CPU
		{B530FAF1-97FF-4E2B-8827-C53F7E4FC245}.Release|Any CPU.Build.0 = Release|Any CPU
	EndGlobalSection
	GlobalSection(SolutionProperties) = preSolution
		HideSolutionNode = FALSE
	EndGlobalSection
	GlobalSection(NestedProjects) = preSolution
		{12A1B828-6F9C-4748-8955-3C6B71187714} = {FF710108-A2A9-4CA2-A49A-6CA9AB166F97}
		{67AF19E0-08F0-4E5A-A05B-83818C4359B6} = {0E3D69B7-00E8-410B-A1D7-6152419AB8D8}
		{5E096B1B-2881-429C-977B-76AC58980E2B} = {FF710108-A2A9-4CA2-A49A-6CA9AB166F97}
		{51F1734D-A5AA-4C45-8458-EBC56F046549} = {0E3D69B7-00E8-410B-A1D7-6152419AB8D8}
		{38E9A844-C7B5-46EF-ABE1-5B9A5590A348} = {FF710108-A2A9-4CA2-A49A-6CA9AB166F97}
		{D0A9D7E7-DD63-43A8-9891-74E58CC80C8E} = {0E3D69B7-00E8-410B-A1D7-6152419AB8D8}
		{B530FAF1-97FF-4E2B-8827-C53F7E4FC245} = {0E3D69B7-00E8-410B-A1D7-6152419AB8D8}
	EndGlobalSection
	GlobalSection(ExtensibilityGlobals) = postSolution
		SolutionGuid = {33315AFF-AD63-4881-97C4-4F5B3036BBF8}
	EndGlobalSection
EndGlobal
